// !$*UTF8*$!
{
	archiveVersion = 1;
	classes = {
	};
	objectVersion = 56;
	objects = {

/* Begin PBXBuildFile section */
		7945FFAF2A87E47B002D87A0 /* App+Depedencies.swift in Sources */ = {isa = PBXBuildFile; fileRef = 7945FFAE2A87E47B002D87A0 /* App+Depedencies.swift */; };
		7945FFB42A87E52D002D87A0 /* Core in Frameworks */ = {isa = PBXBuildFile; productRef = 7945FFB32A87E52D002D87A0 /* Core */; };
		7945FFB62A87E531002D87A0 /* Networking in Frameworks */ = {isa = PBXBuildFile; productRef = 7945FFB52A87E531002D87A0 /* Networking */; };
		7945FFBB2A87E9C7002D87A0 /* BusinessDomain in Frameworks */ = {isa = PBXBuildFile; productRef = 7945FFBA2A87E9C7002D87A0 /* BusinessDomain */; };
		79BCB05D2A87A35D003B2893 /* AppDelegate.swift in Sources */ = {isa = PBXBuildFile; fileRef = 79BCB05C2A87A35D003B2893 /* AppDelegate.swift */; };
		79BCB05F2A87A35D003B2893 /* SceneDelegate.swift in Sources */ = {isa = PBXBuildFile; fileRef = 79BCB05E2A87A35D003B2893 /* SceneDelegate.swift */; };
		79BCB0612A87A35D003B2893 /* CurrentWeatherScene.swift in Sources */ = {isa = PBXBuildFile; fileRef = 79BCB0602A87A35D003B2893 /* CurrentWeatherScene.swift */; };
		79BCB0662A87A35E003B2893 /* Assets.xcassets in Resources */ = {isa = PBXBuildFile; fileRef = 79BCB0652A87A35E003B2893 /* Assets.xcassets */; };
		79BCB0742A87A35E003B2893 /* WeatherIdeoDigitalTests.swift in Sources */ = {isa = PBXBuildFile; fileRef = 79BCB0732A87A35E003B2893 /* WeatherIdeoDigitalTests.swift */; };
		79BCB07E2A87A35E003B2893 /* WeatherIdeoDigitalUITests.swift in Sources */ = {isa = PBXBuildFile; fileRef = 79BCB07D2A87A35E003B2893 /* WeatherIdeoDigitalUITests.swift */; };
		79BCB0802A87A35E003B2893 /* WeatherIdeoDigitalUITestsLaunchTests.swift in Sources */ = {isa = PBXBuildFile; fileRef = 79BCB07F2A87A35E003B2893 /* WeatherIdeoDigitalUITestsLaunchTests.swift */; };
		79DB33182A88D34700814121 /* Lottie in Frameworks */ = {isa = PBXBuildFile; productRef = 79DB33172A88D34700814121 /* Lottie */; };
		79DB331C2A88D5E700814121 /* SplashScene.swift in Sources */ = {isa = PBXBuildFile; fileRef = 79DB331B2A88D5E700814121 /* SplashScene.swift */; };
		79DB331F2A88D6C800814121 /* cloud.json in Resources */ = {isa = PBXBuildFile; fileRef = 79DB331D2A88D6C800814121 /* cloud.json */; };
		79DB33202A88D6C800814121 /* launch.json in Resources */ = {isa = PBXBuildFile; fileRef = 79DB331E2A88D6C800814121 /* launch.json */; };
		79DB33282A88DDEE00814121 /* LaunchScreen.storyboard in Resources */ = {isa = PBXBuildFile; fileRef = 79DB33262A88DDEE00814121 /* LaunchScreen.storyboard */; };
		79DB33292A88DDEE00814121 /* Main.storyboard in Resources */ = {isa = PBXBuildFile; fileRef = 79DB33272A88DDEE00814121 /* Main.storyboard */; };
		79DB33302A88DF7F00814121 /* day.gif in Resources */ = {isa = PBXBuildFile; fileRef = 79DB332D2A88DF7F00814121 /* day.gif */; };
		79DB33312A88DF7F00814121 /* night.gif in Resources */ = {isa = PBXBuildFile; fileRef = 79DB332E2A88DF7F00814121 /* night.gif */; };
		79DB33322A88DF7F00814121 /* night2.gif in Resources */ = {isa = PBXBuildFile; fileRef = 79DB332F2A88DF7F00814121 /* night2.gif */; };
		79DB33352A88E28700814121 /* LocationAlwaysPermission in Frameworks */ = {isa = PBXBuildFile; productRef = 79DB33342A88E28700814121 /* LocationAlwaysPermission */; };
		79DB33372A88E28700814121 /* LocationWhenInUsePermission in Frameworks */ = {isa = PBXBuildFile; productRef = 79DB33362A88E28700814121 /* LocationWhenInUsePermission */; };
		79DB333F2A88E73100814121 /* heavyrain.gif in Resources */ = {isa = PBXBuildFile; fileRef = 79DB33382A88E73100814121 /* heavyrain.gif */; };
		79DB33402A88E73100814121 /* pixelnightrain.gif in Resources */ = {isa = PBXBuildFile; fileRef = 79DB33392A88E73100814121 /* pixelnightrain.gif */; };
		79DB33412A88E73100814121 /* day5.gif in Resources */ = {isa = PBXBuildFile; fileRef = 79DB333A2A88E73100814121 /* day5.gif */; };
		79DB33422A88E73100814121 /* day2.gif in Resources */ = {isa = PBXBuildFile; fileRef = 79DB333B2A88E73100814121 /* day2.gif */; };
		79DB33432A88E73100814121 /* day3.gif in Resources */ = {isa = PBXBuildFile; fileRef = 79DB333C2A88E73100814121 /* day3.gif */; };
		79DB33442A88E73100814121 /* night4.gif in Resources */ = {isa = PBXBuildFile; fileRef = 79DB333D2A88E73100814121 /* night4.gif */; };
		79DB33452A88E73100814121 /* nigh3.gif in Resources */ = {isa = PBXBuildFile; fileRef = 79DB333E2A88E73100814121 /* nigh3.gif */; };
		79DB33482A88E7A800814121 /* BetterSegmentedControl in Frameworks */ = {isa = PBXBuildFile; productRef = 79DB33472A88E7A800814121 /* BetterSegmentedControl */; };
		79DB334B2A88EBCD00814121 /* cities_full.csv in Resources */ = {isa = PBXBuildFile; fileRef = 79DB334A2A88EBCD00814121 /* cities_full.csv */; };
		79DB33622A88EC8100814121 /* Rubik-Light.ttf in Resources */ = {isa = PBXBuildFile; fileRef = 79DB334D2A88EC8000814121 /* Rubik-Light.ttf */; };
		79DB33632A88EC8100814121 /* Rubik-SemiBold.ttf in Resources */ = {isa = PBXBuildFile; fileRef = 79DB334E2A88EC8000814121 /* Rubik-SemiBold.ttf */; };
		79DB33642A88EC8100814121 /* Rubik-SemiBoldItalic.ttf in Resources */ = {isa = PBXBuildFile; fileRef = 79DB334F2A88EC8000814121 /* Rubik-SemiBoldItalic.ttf */; };
		79DB33652A88EC8100814121 /* Rubik-ExtraBold.ttf in Resources */ = {isa = PBXBuildFile; fileRef = 79DB33502A88EC8000814121 /* Rubik-ExtraBold.ttf */; };
		79DB33662A88EC8100814121 /* AdventPro-Thin.ttf in Resources */ = {isa = PBXBuildFile; fileRef = 79DB33512A88EC8000814121 /* AdventPro-Thin.ttf */; };
		79DB33672A88EC8100814121 /* Rubik-LightItalic.ttf in Resources */ = {isa = PBXBuildFile; fileRef = 79DB33522A88EC8000814121 /* Rubik-LightItalic.ttf */; };
		79DB33682A88EC8100814121 /* AdventPro-ExtraLight.ttf in Resources */ = {isa = PBXBuildFile; fileRef = 79DB33532A88EC8000814121 /* AdventPro-ExtraLight.ttf */; };
		79DB33692A88EC8100814121 /* Rubik-Black.ttf in Resources */ = {isa = PBXBuildFile; fileRef = 79DB33542A88EC8000814121 /* Rubik-Black.ttf */; };
		79DB336A2A88EC8100814121 /* Rubik-BlackItalic.ttf in Resources */ = {isa = PBXBuildFile; fileRef = 79DB33552A88EC8000814121 /* Rubik-BlackItalic.ttf */; };
		79DB336B2A88EC8100814121 /* Rubik-Italic.ttf in Resources */ = {isa = PBXBuildFile; fileRef = 79DB33562A88EC8000814121 /* Rubik-Italic.ttf */; };
		79DB336C2A88EC8100814121 /* Rubik-Medium.ttf in Resources */ = {isa = PBXBuildFile; fileRef = 79DB33572A88EC8100814121 /* Rubik-Medium.ttf */; };
		79DB336D2A88EC8100814121 /* Rubik-MediumItalic.ttf in Resources */ = {isa = PBXBuildFile; fileRef = 79DB33582A88EC8100814121 /* Rubik-MediumItalic.ttf */; };
		79DB336E2A88EC8100814121 /* AdventPro-Medium.ttf in Resources */ = {isa = PBXBuildFile; fileRef = 79DB33592A88EC8100814121 /* AdventPro-Medium.ttf */; };
		79DB336F2A88EC8100814121 /* AdventPro-Bold.ttf in Resources */ = {isa = PBXBuildFile; fileRef = 79DB335A2A88EC8100814121 /* AdventPro-Bold.ttf */; };
		79DB33702A88EC8100814121 /* AdventPro-SemiBold.ttf in Resources */ = {isa = PBXBuildFile; fileRef = 79DB335B2A88EC8100814121 /* AdventPro-SemiBold.ttf */; };
		79DB33712A88EC8100814121 /* AdventPro-Regular.ttf in Resources */ = {isa = PBXBuildFile; fileRef = 79DB335C2A88EC8100814121 /* AdventPro-Regular.ttf */; };
		79DB33722A88EC8100814121 /* Rubik-Regular.ttf in Resources */ = {isa = PBXBuildFile; fileRef = 79DB335D2A88EC8100814121 /* Rubik-Regular.ttf */; };
		79DB33732A88EC8100814121 /* AdventPro-Light.ttf in Resources */ = {isa = PBXBuildFile; fileRef = 79DB335E2A88EC8100814121 /* AdventPro-Light.ttf */; };
		79DB33742A88EC8100814121 /* Rubik-ExtraBoldItalic.ttf in Resources */ = {isa = PBXBuildFile; fileRef = 79DB335F2A88EC8100814121 /* Rubik-ExtraBoldItalic.ttf */; };
		79DB33752A88EC8100814121 /* Rubik-BoldItalic.ttf in Resources */ = {isa = PBXBuildFile; fileRef = 79DB33602A88EC8100814121 /* Rubik-BoldItalic.ttf */; };
		79DB33762A88EC8100814121 /* Rubik-Bold.ttf in Resources */ = {isa = PBXBuildFile; fileRef = 79DB33612A88EC8100814121 /* Rubik-Bold.ttf */; };
		79DB33782A88EDAA00814121 /* locate.json in Resources */ = {isa = PBXBuildFile; fileRef = 79DB33772A88EDAA00814121 /* locate.json */; };
		79F163722A87F6B7002F0A1D /* SnapKit in Frameworks */ = {isa = PBXBuildFile; productRef = 79F163712A87F6B7002F0A1D /* SnapKit */; };
		79F163792A87F862002F0A1D /* XCoordinator in Frameworks */ = {isa = PBXBuildFile; productRef = 79F163782A87F862002F0A1D /* XCoordinator */; };
		79F1637B2A87F862002F0A1D /* XCoordinatorCombine in Frameworks */ = {isa = PBXBuildFile; productRef = 79F1637A2A87F862002F0A1D /* XCoordinatorCombine */; };
		79F1637D2A87F862002F0A1D /* XCoordinatorRx in Frameworks */ = {isa = PBXBuildFile; productRef = 79F1637C2A87F862002F0A1D /* XCoordinatorRx */; };
		79F1637F2A87F878002F0A1D /* AppMainTabBarCoordinator.swift in Sources */ = {isa = PBXBuildFile; fileRef = 79F1637E2A87F878002F0A1D /* AppMainTabBarCoordinator.swift */; };
		79F163812A87F919002F0A1D /* CurrentWeatherTabBarCoordinator.swift in Sources */ = {isa = PBXBuildFile; fileRef = 79F163802A87F918002F0A1D /* CurrentWeatherTabBarCoordinator.swift */; };
		79F163842A880DFB002F0A1D /* WeatherUI in Frameworks */ = {isa = PBXBuildFile; productRef = 79F163832A880DFB002F0A1D /* WeatherUI */; };
		79F163862A880EDE002F0A1D /* AppCoordinator.swift in Sources */ = {isa = PBXBuildFile; fileRef = 79F163852A880EDE002F0A1D /* AppCoordinator.swift */; };
		79F1638A2A880F36002F0A1D /* MainController.swift in Sources */ = {isa = PBXBuildFile; fileRef = 79F163892A880F36002F0A1D /* MainController.swift */; };
		79F1638C2A880F7A002F0A1D /* MainViewModelType.swift in Sources */ = {isa = PBXBuildFile; fileRef = 79F1638B2A880F7A002F0A1D /* MainViewModelType.swift */; };
		79F1638E2A880FA5002F0A1D /* MainViewModel.swift in Sources */ = {isa = PBXBuildFile; fileRef = 79F1638D2A880FA5002F0A1D /* MainViewModel.swift */; };
		79F163902A88116A002F0A1D /* Coordinator+Transaction.swift in Sources */ = {isa = PBXBuildFile; fileRef = 79F1638F2A88116A002F0A1D /* Coordinator+Transaction.swift */; };
		79F163932A88170A002F0A1D /* RouteHandler.swift in Sources */ = {isa = PBXBuildFile; fileRef = 79F163922A88170A002F0A1D /* RouteHandler.swift */; };
/* End PBXBuildFile section */

/* Begin PBXContainerItemProxy section */
		79BCB0702A87A35E003B2893 /* PBXContainerItemProxy */ = {
			isa = PBXContainerItemProxy;
			containerPortal = 79BCB0512A87A35D003B2893 /* Project object */;
			proxyType = 1;
			remoteGlobalIDString = 79BCB0582A87A35D003B2893;
			remoteInfo = WeatherIdeoDigital;
		};
		79BCB07A2A87A35E003B2893 /* PBXContainerItemProxy */ = {
			isa = PBXContainerItemProxy;
			containerPortal = 79BCB0512A87A35D003B2893 /* Project object */;
			proxyType = 1;
			remoteGlobalIDString = 79BCB0582A87A35D003B2893;
			remoteInfo = WeatherIdeoDigital;
		};
/* End PBXContainerItemProxy section */

/* Begin PBXCopyFilesBuildPhase section */
		79F163952A8817AB002F0A1D /* Embed Frameworks */ = {
			isa = PBXCopyFilesBuildPhase;
			buildActionMask = 2147483647;
			dstPath = "";
			dstSubfolderSpec = 10;
			files = (
			);
			name = "Embed Frameworks";
			runOnlyForDeploymentPostprocessing = 0;
		};
/* End PBXCopyFilesBuildPhase section */

/* Begin PBXFileReference section */
		7945FFAE2A87E47B002D87A0 /* App+Depedencies.swift */ = {isa = PBXFileReference; lastKnownFileType = sourcecode.swift; path = "App+Depedencies.swift"; sourceTree = "<group>"; };
		7945FFB92A87E972002D87A0 /* BusinessDomain */ = {isa = PBXFileReference; lastKnownFileType = wrapper; path = BusinessDomain; sourceTree = "<group>"; };
		79BCB0592A87A35D003B2893 /* WeatherIdeoDigital.app */ = {isa = PBXFileReference; explicitFileType = wrapper.application; includeInIndex = 0; path = WeatherIdeoDigital.app; sourceTree = BUILT_PRODUCTS_DIR; };
		79BCB05C2A87A35D003B2893 /* AppDelegate.swift */ = {isa = PBXFileReference; lastKnownFileType = sourcecode.swift; path = AppDelegate.swift; sourceTree = "<group>"; };
		79BCB05E2A87A35D003B2893 /* SceneDelegate.swift */ = {isa = PBXFileReference; lastKnownFileType = sourcecode.swift; path = SceneDelegate.swift; sourceTree = "<group>"; };
		79BCB0602A87A35D003B2893 /* CurrentWeatherScene.swift */ = {isa = PBXFileReference; lastKnownFileType = sourcecode.swift; path = CurrentWeatherScene.swift; sourceTree = "<group>"; };
		79BCB0652A87A35E003B2893 /* Assets.xcassets */ = {isa = PBXFileReference; lastKnownFileType = folder.assetcatalog; path = Assets.xcassets; sourceTree = "<group>"; };
		79BCB06A2A87A35E003B2893 /* Info.plist */ = {isa = PBXFileReference; lastKnownFileType = text.plist.xml; path = Info.plist; sourceTree = "<group>"; };
		79BCB06F2A87A35E003B2893 /* WeatherIdeoDigitalTests.xctest */ = {isa = PBXFileReference; explicitFileType = wrapper.cfbundle; includeInIndex = 0; path = WeatherIdeoDigitalTests.xctest; sourceTree = BUILT_PRODUCTS_DIR; };
		79BCB0732A87A35E003B2893 /* WeatherIdeoDigitalTests.swift */ = {isa = PBXFileReference; lastKnownFileType = sourcecode.swift; path = WeatherIdeoDigitalTests.swift; sourceTree = "<group>"; };
		79BCB0792A87A35E003B2893 /* WeatherIdeoDigitalUITests.xctest */ = {isa = PBXFileReference; explicitFileType = wrapper.cfbundle; includeInIndex = 0; path = WeatherIdeoDigitalUITests.xctest; sourceTree = BUILT_PRODUCTS_DIR; };
		79BCB07D2A87A35E003B2893 /* WeatherIdeoDigitalUITests.swift */ = {isa = PBXFileReference; lastKnownFileType = sourcecode.swift; path = WeatherIdeoDigitalUITests.swift; sourceTree = "<group>"; };
		79BCB07F2A87A35E003B2893 /* WeatherIdeoDigitalUITestsLaunchTests.swift */ = {isa = PBXFileReference; lastKnownFileType = sourcecode.swift; path = WeatherIdeoDigitalUITestsLaunchTests.swift; sourceTree = "<group>"; };
		79BCB08C2A87A375003B2893 /* Networking */ = {isa = PBXFileReference; lastKnownFileType = wrapper; name = Networking; path = ../Networking; sourceTree = "<group>"; };
		79BCB08E2A87A966003B2893 /* Core */ = {isa = PBXFileReference; lastKnownFileType = wrapper; path = Core; sourceTree = "<group>"; };
		79DB331B2A88D5E700814121 /* SplashScene.swift */ = {isa = PBXFileReference; lastKnownFileType = sourcecode.swift; path = SplashScene.swift; sourceTree = "<group>"; };
		79DB331D2A88D6C800814121 /* cloud.json */ = {isa = PBXFileReference; fileEncoding = 4; lastKnownFileType = text.json; path = cloud.json; sourceTree = "<group>"; };
		79DB331E2A88D6C800814121 /* launch.json */ = {isa = PBXFileReference; fileEncoding = 4; lastKnownFileType = text.json; path = launch.json; sourceTree = "<group>"; };
		79DB33262A88DDEE00814121 /* LaunchScreen.storyboard */ = {isa = PBXFileReference; fileEncoding = 4; lastKnownFileType = file.storyboard; path = LaunchScreen.storyboard; sourceTree = "<group>"; };
		79DB33272A88DDEE00814121 /* Main.storyboard */ = {isa = PBXFileReference; fileEncoding = 4; lastKnownFileType = file.storyboard; path = Main.storyboard; sourceTree = "<group>"; };
		79DB332D2A88DF7F00814121 /* day.gif */ = {isa = PBXFileReference; lastKnownFileType = image.gif; path = day.gif; sourceTree = "<group>"; };
		79DB332E2A88DF7F00814121 /* night.gif */ = {isa = PBXFileReference; lastKnownFileType = image.gif; path = night.gif; sourceTree = "<group>"; };
		79DB332F2A88DF7F00814121 /* night2.gif */ = {isa = PBXFileReference; lastKnownFileType = image.gif; path = night2.gif; sourceTree = "<group>"; };
		79DB33382A88E73100814121 /* heavyrain.gif */ = {isa = PBXFileReference; lastKnownFileType = image.gif; path = heavyrain.gif; sourceTree = "<group>"; };
		79DB33392A88E73100814121 /* pixelnightrain.gif */ = {isa = PBXFileReference; lastKnownFileType = image.gif; path = pixelnightrain.gif; sourceTree = "<group>"; };
		79DB333A2A88E73100814121 /* day5.gif */ = {isa = PBXFileReference; lastKnownFileType = image.gif; path = day5.gif; sourceTree = "<group>"; };
		79DB333B2A88E73100814121 /* day2.gif */ = {isa = PBXFileReference; lastKnownFileType = image.gif; path = day2.gif; sourceTree = "<group>"; };
		79DB333C2A88E73100814121 /* day3.gif */ = {isa = PBXFileReference; lastKnownFileType = image.gif; path = day3.gif; sourceTree = "<group>"; };
		79DB333D2A88E73100814121 /* night4.gif */ = {isa = PBXFileReference; lastKnownFileType = image.gif; path = night4.gif; sourceTree = "<group>"; };
		79DB333E2A88E73100814121 /* nigh3.gif */ = {isa = PBXFileReference; lastKnownFileType = image.gif; path = nigh3.gif; sourceTree = "<group>"; };
		79DB334A2A88EBCD00814121 /* cities_full.csv */ = {isa = PBXFileReference; fileEncoding = 4; lastKnownFileType = text; path = cities_full.csv; sourceTree = "<group>"; };
		79DB334D2A88EC8000814121 /* Rubik-Light.ttf */ = {isa = PBXFileReference; lastKnownFileType = file; path = "Rubik-Light.ttf"; sourceTree = "<group>"; };
		79DB334E2A88EC8000814121 /* Rubik-SemiBold.ttf */ = {isa = PBXFileReference; lastKnownFileType = file; path = "Rubik-SemiBold.ttf"; sourceTree = "<group>"; };
		79DB334F2A88EC8000814121 /* Rubik-SemiBoldItalic.ttf */ = {isa = PBXFileReference; lastKnownFileType = file; path = "Rubik-SemiBoldItalic.ttf"; sourceTree = "<group>"; };
		79DB33502A88EC8000814121 /* Rubik-ExtraBold.ttf */ = {isa = PBXFileReference; lastKnownFileType = file; path = "Rubik-ExtraBold.ttf"; sourceTree = "<group>"; };
		79DB33512A88EC8000814121 /* AdventPro-Thin.ttf */ = {isa = PBXFileReference; lastKnownFileType = file; path = "AdventPro-Thin.ttf"; sourceTree = "<group>"; };
		79DB33522A88EC8000814121 /* Rubik-LightItalic.ttf */ = {isa = PBXFileReference; lastKnownFileType = file; path = "Rubik-LightItalic.ttf"; sourceTree = "<group>"; };
		79DB33532A88EC8000814121 /* AdventPro-ExtraLight.ttf */ = {isa = PBXFileReference; lastKnownFileType = file; path = "AdventPro-ExtraLight.ttf"; sourceTree = "<group>"; };
		79DB33542A88EC8000814121 /* Rubik-Black.ttf */ = {isa = PBXFileReference; lastKnownFileType = file; path = "Rubik-Black.ttf"; sourceTree = "<group>"; };
		79DB33552A88EC8000814121 /* Rubik-BlackItalic.ttf */ = {isa = PBXFileReference; lastKnownFileType = file; path = "Rubik-BlackItalic.ttf"; sourceTree = "<group>"; };
		79DB33562A88EC8000814121 /* Rubik-Italic.ttf */ = {isa = PBXFileReference; lastKnownFileType = file; path = "Rubik-Italic.ttf"; sourceTree = "<group>"; };
		79DB33572A88EC8100814121 /* Rubik-Medium.ttf */ = {isa = PBXFileReference; lastKnownFileType = file; path = "Rubik-Medium.ttf"; sourceTree = "<group>"; };
		79DB33582A88EC8100814121 /* Rubik-MediumItalic.ttf */ = {isa = PBXFileReference; lastKnownFileType = file; path = "Rubik-MediumItalic.ttf"; sourceTree = "<group>"; };
		79DB33592A88EC8100814121 /* AdventPro-Medium.ttf */ = {isa = PBXFileReference; lastKnownFileType = file; path = "AdventPro-Medium.ttf"; sourceTree = "<group>"; };
		79DB335A2A88EC8100814121 /* AdventPro-Bold.ttf */ = {isa = PBXFileReference; lastKnownFileType = file; path = "AdventPro-Bold.ttf"; sourceTree = "<group>"; };
		79DB335B2A88EC8100814121 /* AdventPro-SemiBold.ttf */ = {isa = PBXFileReference; lastKnownFileType = file; path = "AdventPro-SemiBold.ttf"; sourceTree = "<group>"; };
		79DB335C2A88EC8100814121 /* AdventPro-Regular.ttf */ = {isa = PBXFileReference; lastKnownFileType = file; path = "AdventPro-Regular.ttf"; sourceTree = "<group>"; };
		79DB335D2A88EC8100814121 /* Rubik-Regular.ttf */ = {isa = PBXFileReference; lastKnownFileType = file; path = "Rubik-Regular.ttf"; sourceTree = "<group>"; };
		79DB335E2A88EC8100814121 /* AdventPro-Light.ttf */ = {isa = PBXFileReference; lastKnownFileType = file; path = "AdventPro-Light.ttf"; sourceTree = "<group>"; };
		79DB335F2A88EC8100814121 /* Rubik-ExtraBoldItalic.ttf */ = {isa = PBXFileReference; lastKnownFileType = file; path = "Rubik-ExtraBoldItalic.ttf"; sourceTree = "<group>"; };
		79DB33602A88EC8100814121 /* Rubik-BoldItalic.ttf */ = {isa = PBXFileReference; lastKnownFileType = file; path = "Rubik-BoldItalic.ttf"; sourceTree = "<group>"; };
		79DB33612A88EC8100814121 /* Rubik-Bold.ttf */ = {isa = PBXFileReference; lastKnownFileType = file; path = "Rubik-Bold.ttf"; sourceTree = "<group>"; };
		79DB33772A88EDAA00814121 /* locate.json */ = {isa = PBXFileReference; fileEncoding = 4; lastKnownFileType = text.json; path = locate.json; sourceTree = "<group>"; };
		79F1637E2A87F878002F0A1D /* AppMainTabBarCoordinator.swift */ = {isa = PBXFileReference; lastKnownFileType = sourcecode.swift; path = AppMainTabBarCoordinator.swift; sourceTree = "<group>"; };
		79F163802A87F918002F0A1D /* CurrentWeatherTabBarCoordinator.swift */ = {isa = PBXFileReference; lastKnownFileType = sourcecode.swift; path = CurrentWeatherTabBarCoordinator.swift; sourceTree = "<group>"; };
		79F163822A87F99D002F0A1D /* WeatherUI */ = {isa = PBXFileReference; lastKnownFileType = wrapper; path = WeatherUI; sourceTree = "<group>"; };
		79F163852A880EDE002F0A1D /* AppCoordinator.swift */ = {isa = PBXFileReference; lastKnownFileType = sourcecode.swift; path = AppCoordinator.swift; sourceTree = "<group>"; };
		79F163892A880F36002F0A1D /* MainController.swift */ = {isa = PBXFileReference; lastKnownFileType = sourcecode.swift; path = MainController.swift; sourceTree = "<group>"; };
		79F1638B2A880F7A002F0A1D /* MainViewModelType.swift */ = {isa = PBXFileReference; lastKnownFileType = sourcecode.swift; path = MainViewModelType.swift; sourceTree = "<group>"; };
		79F1638D2A880FA5002F0A1D /* MainViewModel.swift */ = {isa = PBXFileReference; lastKnownFileType = sourcecode.swift; path = MainViewModel.swift; sourceTree = "<group>"; };
		79F1638F2A88116A002F0A1D /* Coordinator+Transaction.swift */ = {isa = PBXFileReference; lastKnownFileType = sourcecode.swift; path = "Coordinator+Transaction.swift"; sourceTree = "<group>"; };
		79F163922A88170A002F0A1D /* RouteHandler.swift */ = {isa = PBXFileReference; lastKnownFileType = sourcecode.swift; path = RouteHandler.swift; sourceTree = "<group>"; };
/* End PBXFileReference section */

/* Begin PBXFrameworksBuildPhase section */
		79BCB0562A87A35D003B2893 /* Frameworks */ = {
			isa = PBXFrameworksBuildPhase;
			buildActionMask = 2147483647;
			files = (
				79F163842A880DFB002F0A1D /* WeatherUI in Frameworks */,
				7945FFBB2A87E9C7002D87A0 /* BusinessDomain in Frameworks */,
				79DB33182A88D34700814121 /* Lottie in Frameworks */,
				79DB33352A88E28700814121 /* LocationAlwaysPermission in Frameworks */,
				79F163722A87F6B7002F0A1D /* SnapKit in Frameworks */,
				79DB33482A88E7A800814121 /* BetterSegmentedControl in Frameworks */,
				7945FFB62A87E531002D87A0 /* Networking in Frameworks */,
				79DB33372A88E28700814121 /* LocationWhenInUsePermission in Frameworks */,
				79F1637D2A87F862002F0A1D /* XCoordinatorRx in Frameworks */,
				79F1637B2A87F862002F0A1D /* XCoordinatorCombine in Frameworks */,
				79F163792A87F862002F0A1D /* XCoordinator in Frameworks */,
				7945FFB42A87E52D002D87A0 /* Core in Frameworks */,
			);
			runOnlyForDeploymentPostprocessing = 0;
		};
		79BCB06C2A87A35E003B2893 /* Frameworks */ = {
			isa = PBXFrameworksBuildPhase;
			buildActionMask = 2147483647;
			files = (
			);
			runOnlyForDeploymentPostprocessing = 0;
		};
		79BCB0762A87A35E003B2893 /* Frameworks */ = {
			isa = PBXFrameworksBuildPhase;
			buildActionMask = 2147483647;
			files = (
			);
			runOnlyForDeploymentPostprocessing = 0;
		};
/* End PBXFrameworksBuildPhase section */

/* Begin PBXGroup section */
		7945FFAD2A87E46E002D87A0 /* Dependencies */ = {
			isa = PBXGroup;
			children = (
				7945FFAE2A87E47B002D87A0 /* App+Depedencies.swift */,
			);
			path = Dependencies;
			sourceTree = "<group>";
		};
		7945FFB22A87E52D002D87A0 /* Frameworks */ = {
			isa = PBXGroup;
			children = (
			);
			name = Frameworks;
			sourceTree = "<group>";
		};
		79BCB0502A87A35D003B2893 = {
			isa = PBXGroup;
			children = (
				79BCB08E2A87A966003B2893 /* Core */,
				7945FFB92A87E972002D87A0 /* BusinessDomain */,
				79BCB08C2A87A375003B2893 /* Networking */,
				79F163822A87F99D002F0A1D /* WeatherUI */,
				79BCB05B2A87A35D003B2893 /* WeatherIdeoDigital */,
				79BCB0722A87A35E003B2893 /* WeatherIdeoDigitalTests */,
				79BCB07C2A87A35E003B2893 /* WeatherIdeoDigitalUITests */,
				79BCB05A2A87A35D003B2893 /* Products */,
				7945FFB22A87E52D002D87A0 /* Frameworks */,
			);
			sourceTree = "<group>";
		};
		79BCB05A2A87A35D003B2893 /* Products */ = {
			isa = PBXGroup;
			children = (
				79BCB0592A87A35D003B2893 /* WeatherIdeoDigital.app */,
				79BCB06F2A87A35E003B2893 /* WeatherIdeoDigitalTests.xctest */,
				79BCB0792A87A35E003B2893 /* WeatherIdeoDigitalUITests.xctest */,
			);
			name = Products;
			sourceTree = "<group>";
		};
		79BCB05B2A87A35D003B2893 /* WeatherIdeoDigital */ = {
			isa = PBXGroup;
			children = (
				79DB334C2A88EC7400814121 /* Fonts */,
				79DB33262A88DDEE00814121 /* LaunchScreen.storyboard */,
				79DB33272A88DDEE00814121 /* Main.storyboard */,
				79DB33232A88DC1F00814121 /* Assets */,
				79DB33222A88DBF600814121 /* App */,
				79DB33192A88D52B00814121 /* Animations */,
				79F163872A880F26002F0A1D /* Scenes */,
				79F163752A87F7EB002F0A1D /* Coordinator */,
				7945FFAD2A87E46E002D87A0 /* Dependencies */,
				79BCB06A2A87A35E003B2893 /* Info.plist */,
			);
			path = WeatherIdeoDigital;
			sourceTree = "<group>";
		};
		79BCB0722A87A35E003B2893 /* WeatherIdeoDigitalTests */ = {
			isa = PBXGroup;
			children = (
				79BCB0732A87A35E003B2893 /* WeatherIdeoDigitalTests.swift */,
			);
			path = WeatherIdeoDigitalTests;
			sourceTree = "<group>";
		};
		79BCB07C2A87A35E003B2893 /* WeatherIdeoDigitalUITests */ = {
			isa = PBXGroup;
			children = (
				79BCB07D2A87A35E003B2893 /* WeatherIdeoDigitalUITests.swift */,
				79BCB07F2A87A35E003B2893 /* WeatherIdeoDigitalUITestsLaunchTests.swift */,
			);
			path = WeatherIdeoDigitalUITests;
			sourceTree = "<group>";
		};
		79DB33192A88D52B00814121 /* Animations */ = {
			isa = PBXGroup;
			children = (
				79DB33772A88EDAA00814121 /* locate.json */,
				79DB331D2A88D6C800814121 /* cloud.json */,
				79DB331E2A88D6C800814121 /* launch.json */,
			);
			path = Animations;
			sourceTree = "<group>";
		};
		79DB331A2A88D5D400814121 /* SplashScene */ = {
			isa = PBXGroup;
			children = (
				79DB331B2A88D5E700814121 /* SplashScene.swift */,
			);
			path = SplashScene;
			sourceTree = "<group>";
		};
		79DB33212A88DBE500814121 /* CurrentWeather */ = {
			isa = PBXGroup;
			children = (
				79DB332B2A88DE8100814121 /* Controller */,
				79DB332A2A88DE7C00814121 /* ViewModel */,
			);
			path = CurrentWeather;
			sourceTree = "<group>";
		};
		79DB33222A88DBF600814121 /* App */ = {
			isa = PBXGroup;
			children = (
				79BCB05E2A87A35D003B2893 /* SceneDelegate.swift */,
				79BCB05C2A87A35D003B2893 /* AppDelegate.swift */,
			);
			path = App;
			sourceTree = "<group>";
		};
		79DB33232A88DC1F00814121 /* Assets */ = {
			isa = PBXGroup;
			children = (
				79DB33492A88EBB300814121 /* Cities */,
				79DB332C2A88DF6A00814121 /* GIFS */,
				79BCB0652A87A35E003B2893 /* Assets.xcassets */,
			);
			path = Assets;
			sourceTree = "<group>";
		};
		79DB332A2A88DE7C00814121 /* ViewModel */ = {
			isa = PBXGroup;
			children = (
			);
			path = ViewModel;
			sourceTree = "<group>";
		};
		79DB332B2A88DE8100814121 /* Controller */ = {
			isa = PBXGroup;
			children = (
				79BCB0602A87A35D003B2893 /* CurrentWeatherScene.swift */,
			);
			path = Controller;
			sourceTree = "<group>";
		};
		79DB332C2A88DF6A00814121 /* GIFS */ = {
			isa = PBXGroup;
			children = (
				79DB333B2A88E73100814121 /* day2.gif */,
				79DB333C2A88E73100814121 /* day3.gif */,
				79DB333A2A88E73100814121 /* day5.gif */,
				79DB33382A88E73100814121 /* heavyrain.gif */,
				79DB333E2A88E73100814121 /* nigh3.gif */,
				79DB333D2A88E73100814121 /* night4.gif */,
				79DB33392A88E73100814121 /* pixelnightrain.gif */,
				79DB332D2A88DF7F00814121 /* day.gif */,
				79DB332E2A88DF7F00814121 /* night.gif */,
				79DB332F2A88DF7F00814121 /* night2.gif */,
			);
			path = GIFS;
			sourceTree = "<group>";
		};
		79DB33492A88EBB300814121 /* Cities */ = {
			isa = PBXGroup;
			children = (
				79DB334A2A88EBCD00814121 /* cities_full.csv */,
			);
			path = Cities;
			sourceTree = "<group>";
		};
		79DB334C2A88EC7400814121 /* Fonts */ = {
			isa = PBXGroup;
			children = (
				79DB335A2A88EC8100814121 /* AdventPro-Bold.ttf */,
				79DB33532A88EC8000814121 /* AdventPro-ExtraLight.ttf */,
				79DB335E2A88EC8100814121 /* AdventPro-Light.ttf */,
				79DB33592A88EC8100814121 /* AdventPro-Medium.ttf */,
				79DB335C2A88EC8100814121 /* AdventPro-Regular.ttf */,
				79DB335B2A88EC8100814121 /* AdventPro-SemiBold.ttf */,
				79DB33512A88EC8000814121 /* AdventPro-Thin.ttf */,
				79DB33542A88EC8000814121 /* Rubik-Black.ttf */,
				79DB33552A88EC8000814121 /* Rubik-BlackItalic.ttf */,
				79DB33612A88EC8100814121 /* Rubik-Bold.ttf */,
				79DB33602A88EC8100814121 /* Rubik-BoldItalic.ttf */,
				79DB33502A88EC8000814121 /* Rubik-ExtraBold.ttf */,
				79DB335F2A88EC8100814121 /* Rubik-ExtraBoldItalic.ttf */,
				79DB33562A88EC8000814121 /* Rubik-Italic.ttf */,
				79DB334D2A88EC8000814121 /* Rubik-Light.ttf */,
				79DB33522A88EC8000814121 /* Rubik-LightItalic.ttf */,
				79DB33572A88EC8100814121 /* Rubik-Medium.ttf */,
				79DB33582A88EC8100814121 /* Rubik-MediumItalic.ttf */,
				79DB335D2A88EC8100814121 /* Rubik-Regular.ttf */,
				79DB334E2A88EC8000814121 /* Rubik-SemiBold.ttf */,
				79DB334F2A88EC8000814121 /* Rubik-SemiBoldItalic.ttf */,
			);
			path = Fonts;
			sourceTree = "<group>";
		};
		79F163752A87F7EB002F0A1D /* Coordinator */ = {
			isa = PBXGroup;
			children = (
				79F163912A8816FF002F0A1D /* Handler */,
				79F163762A87F7F9002F0A1D /* Navigators */,
				79F163852A880EDE002F0A1D /* AppCoordinator.swift */,
				79F1638F2A88116A002F0A1D /* Coordinator+Transaction.swift */,
			);
			path = Coordinator;
			sourceTree = "<group>";
		};
		79F163762A87F7F9002F0A1D /* Navigators */ = {
			isa = PBXGroup;
			children = (
				79F1637E2A87F878002F0A1D /* AppMainTabBarCoordinator.swift */,
				79F163802A87F918002F0A1D /* CurrentWeatherTabBarCoordinator.swift */,
			);
			path = Navigators;
			sourceTree = "<group>";
		};
		79F163872A880F26002F0A1D /* Scenes */ = {
			isa = PBXGroup;
			children = (
				79DB33212A88DBE500814121 /* CurrentWeather */,
				79DB331A2A88D5D400814121 /* SplashScene */,
				79F163882A880F2E002F0A1D /* MainScene */,
			);
			path = Scenes;
			sourceTree = "<group>";
		};
		79F163882A880F2E002F0A1D /* MainScene */ = {
			isa = PBXGroup;
			children = (
				79F163892A880F36002F0A1D /* MainController.swift */,
				79F1638B2A880F7A002F0A1D /* MainViewModelType.swift */,
				79F1638D2A880FA5002F0A1D /* MainViewModel.swift */,
			);
			path = MainScene;
			sourceTree = "<group>";
		};
		79F163912A8816FF002F0A1D /* Handler */ = {
			isa = PBXGroup;
			children = (
				79F163922A88170A002F0A1D /* RouteHandler.swift */,
			);
			path = Handler;
			sourceTree = "<group>";
		};
/* End PBXGroup section */

/* Begin PBXNativeTarget section */
		79BCB0582A87A35D003B2893 /* WeatherIdeoDigital */ = {
			isa = PBXNativeTarget;
			buildConfigurationList = 79BCB0832A87A35E003B2893 /* Build configuration list for PBXNativeTarget "WeatherIdeoDigital" */;
			buildPhases = (
				79BCB0552A87A35D003B2893 /* Sources */,
				79BCB0562A87A35D003B2893 /* Frameworks */,
				79BCB0572A87A35D003B2893 /* Resources */,
				79F163952A8817AB002F0A1D /* Embed Frameworks */,
			);
			buildRules = (
			);
			dependencies = (
			);
			name = WeatherIdeoDigital;
			packageProductDependencies = (
				7945FFB32A87E52D002D87A0 /* Core */,
				7945FFB52A87E531002D87A0 /* Networking */,
				7945FFBA2A87E9C7002D87A0 /* BusinessDomain */,
				79F163712A87F6B7002F0A1D /* SnapKit */,
				79F163782A87F862002F0A1D /* XCoordinator */,
				79F1637A2A87F862002F0A1D /* XCoordinatorCombine */,
				79F1637C2A87F862002F0A1D /* XCoordinatorRx */,
				79F163832A880DFB002F0A1D /* WeatherUI */,
				79DB33172A88D34700814121 /* Lottie */,
				79DB33342A88E28700814121 /* LocationAlwaysPermission */,
				79DB33362A88E28700814121 /* LocationWhenInUsePermission */,
				79DB33472A88E7A800814121 /* BetterSegmentedControl */,
			);
			productName = WeatherIdeoDigital;
			productReference = 79BCB0592A87A35D003B2893 /* WeatherIdeoDigital.app */;
			productType = "com.apple.product-type.application";
		};
		79BCB06E2A87A35E003B2893 /* WeatherIdeoDigitalTests */ = {
			isa = PBXNativeTarget;
			buildConfigurationList = 79BCB0862A87A35E003B2893 /* Build configuration list for PBXNativeTarget "WeatherIdeoDigitalTests" */;
			buildPhases = (
				79BCB06B2A87A35E003B2893 /* Sources */,
				79BCB06C2A87A35E003B2893 /* Frameworks */,
				79BCB06D2A87A35E003B2893 /* Resources */,
			);
			buildRules = (
			);
			dependencies = (
				79BCB0712A87A35E003B2893 /* PBXTargetDependency */,
			);
			name = WeatherIdeoDigitalTests;
			productName = WeatherIdeoDigitalTests;
			productReference = 79BCB06F2A87A35E003B2893 /* WeatherIdeoDigitalTests.xctest */;
			productType = "com.apple.product-type.bundle.unit-test";
		};
		79BCB0782A87A35E003B2893 /* WeatherIdeoDigitalUITests */ = {
			isa = PBXNativeTarget;
			buildConfigurationList = 79BCB0892A87A35E003B2893 /* Build configuration list for PBXNativeTarget "WeatherIdeoDigitalUITests" */;
			buildPhases = (
				79BCB0752A87A35E003B2893 /* Sources */,
				79BCB0762A87A35E003B2893 /* Frameworks */,
				79BCB0772A87A35E003B2893 /* Resources */,
			);
			buildRules = (
			);
			dependencies = (
				79BCB07B2A87A35E003B2893 /* PBXTargetDependency */,
			);
			name = WeatherIdeoDigitalUITests;
			productName = WeatherIdeoDigitalUITests;
			productReference = 79BCB0792A87A35E003B2893 /* WeatherIdeoDigitalUITests.xctest */;
			productType = "com.apple.product-type.bundle.ui-testing";
		};
/* End PBXNativeTarget section */

/* Begin PBXProject section */
		79BCB0512A87A35D003B2893 /* Project object */ = {
			isa = PBXProject;
			attributes = {
				BuildIndependentTargetsInParallel = 1;
				LastSwiftUpdateCheck = 1430;
				LastUpgradeCheck = 1430;
				TargetAttributes = {
					79BCB0582A87A35D003B2893 = {
						CreatedOnToolsVersion = 14.3.1;
					};
					79BCB06E2A87A35E003B2893 = {
						CreatedOnToolsVersion = 14.3.1;
						TestTargetID = 79BCB0582A87A35D003B2893;
					};
					79BCB0782A87A35E003B2893 = {
						CreatedOnToolsVersion = 14.3.1;
						TestTargetID = 79BCB0582A87A35D003B2893;
					};
				};
			};
			buildConfigurationList = 79BCB0542A87A35D003B2893 /* Build configuration list for PBXProject "WeatherIdeoDigital" */;
			compatibilityVersion = "Xcode 14.0";
			developmentRegion = en;
			hasScannedForEncodings = 0;
			knownRegions = (
				en,
				Base,
			);
			mainGroup = 79BCB0502A87A35D003B2893;
			packageReferences = (
				79F163702A87F6B7002F0A1D /* XCRemoteSwiftPackageReference "SnapKit" */,
				79F163772A87F862002F0A1D /* XCRemoteSwiftPackageReference "XCoordinator" */,
				79DB33162A88D34700814121 /* XCRemoteSwiftPackageReference "lottie-ios" */,
				79DB33332A88E28700814121 /* XCRemoteSwiftPackageReference "PermissionsKit" */,
				79DB33462A88E7A800814121 /* XCRemoteSwiftPackageReference "BetterSegmentedControl" */,
			);
			productRefGroup = 79BCB05A2A87A35D003B2893 /* Products */;
			projectDirPath = "";
			projectRoot = "";
			targets = (
				79BCB0582A87A35D003B2893 /* WeatherIdeoDigital */,
				79BCB06E2A87A35E003B2893 /* WeatherIdeoDigitalTests */,
				79BCB0782A87A35E003B2893 /* WeatherIdeoDigitalUITests */,
			);
		};
/* End PBXProject section */

/* Begin PBXResourcesBuildPhase section */
		79BCB0572A87A35D003B2893 /* Resources */ = {
			isa = PBXResourcesBuildPhase;
			buildActionMask = 2147483647;
			files = (
				79DB33682A88EC8100814121 /* AdventPro-ExtraLight.ttf in Resources */,
				79DB33202A88D6C800814121 /* launch.json in Resources */,
				79DB33312A88DF7F00814121 /* night.gif in Resources */,
				79DB33712A88EC8100814121 /* AdventPro-Regular.ttf in Resources */,
				79DB33402A88E73100814121 /* pixelnightrain.gif in Resources */,
				79DB336E2A88EC8100814121 /* AdventPro-Medium.ttf in Resources */,
				79DB33672A88EC8100814121 /* Rubik-LightItalic.ttf in Resources */,
				79DB336A2A88EC8100814121 /* Rubik-BlackItalic.ttf in Resources */,
				79DB33622A88EC8100814121 /* Rubik-Light.ttf in Resources */,
				79DB33732A88EC8100814121 /* AdventPro-Light.ttf in Resources */,
				79DB33432A88E73100814121 /* day3.gif in Resources */,
				79DB33322A88DF7F00814121 /* night2.gif in Resources */,
				79DB33652A88EC8100814121 /* Rubik-ExtraBold.ttf in Resources */,
				79DB336B2A88EC8100814121 /* Rubik-Italic.ttf in Resources */,
				79DB336D2A88EC8100814121 /* Rubik-MediumItalic.ttf in Resources */,
				79DB33422A88E73100814121 /* day2.gif in Resources */,
				79DB33762A88EC8100814121 /* Rubik-Bold.ttf in Resources */,
				79DB33292A88DDEE00814121 /* Main.storyboard in Resources */,
				79DB33282A88DDEE00814121 /* LaunchScreen.storyboard in Resources */,
				79DB33632A88EC8100814121 /* Rubik-SemiBold.ttf in Resources */,
				79DB336C2A88EC8100814121 /* Rubik-Medium.ttf in Resources */,
				79DB33662A88EC8100814121 /* AdventPro-Thin.ttf in Resources */,
				79DB33442A88E73100814121 /* night4.gif in Resources */,
				79DB33302A88DF7F00814121 /* day.gif in Resources */,
				79DB331F2A88D6C800814121 /* cloud.json in Resources */,
				79DB33412A88E73100814121 /* day5.gif in Resources */,
				79DB33752A88EC8100814121 /* Rubik-BoldItalic.ttf in Resources */,
				79DB33692A88EC8100814121 /* Rubik-Black.ttf in Resources */,
				79DB33642A88EC8100814121 /* Rubik-SemiBoldItalic.ttf in Resources */,
				79DB334B2A88EBCD00814121 /* cities_full.csv in Resources */,
				79DB33702A88EC8100814121 /* AdventPro-SemiBold.ttf in Resources */,
				79DB33722A88EC8100814121 /* Rubik-Regular.ttf in Resources */,
				79DB33452A88E73100814121 /* nigh3.gif in Resources */,
				79DB333F2A88E73100814121 /* heavyrain.gif in Resources */,
				79BCB0662A87A35E003B2893 /* Assets.xcassets in Resources */,
				79DB33742A88EC8100814121 /* Rubik-ExtraBoldItalic.ttf in Resources */,
				79DB336F2A88EC8100814121 /* AdventPro-Bold.ttf in Resources */,
				79DB33782A88EDAA00814121 /* locate.json in Resources */,
			);
			runOnlyForDeploymentPostprocessing = 0;
		};
		79BCB06D2A87A35E003B2893 /* Resources */ = {
			isa = PBXResourcesBuildPhase;
			buildActionMask = 2147483647;
			files = (
			);
			runOnlyForDeploymentPostprocessing = 0;
		};
		79BCB0772A87A35E003B2893 /* Resources */ = {
			isa = PBXResourcesBuildPhase;
			buildActionMask = 2147483647;
			files = (
			);
			runOnlyForDeploymentPostprocessing = 0;
		};
/* End PBXResourcesBuildPhase section */

/* Begin PBXSourcesBuildPhase section */
		79BCB0552A87A35D003B2893 /* Sources */ = {
			isa = PBXSourcesBuildPhase;
			buildActionMask = 2147483647;
			files = (
				79F1638A2A880F36002F0A1D /* MainController.swift in Sources */,
				79BCB0612A87A35D003B2893 /* CurrentWeatherScene.swift in Sources */,
				79F1638C2A880F7A002F0A1D /* MainViewModelType.swift in Sources */,
				79F163812A87F919002F0A1D /* CurrentWeatherTabBarCoordinator.swift in Sources */,
				79F1637F2A87F878002F0A1D /* AppMainTabBarCoordinator.swift in Sources */,
				79F1638E2A880FA5002F0A1D /* MainViewModel.swift in Sources */,
				79F163902A88116A002F0A1D /* Coordinator+Transaction.swift in Sources */,
				7945FFAF2A87E47B002D87A0 /* App+Depedencies.swift in Sources */,
				79BCB05D2A87A35D003B2893 /* AppDelegate.swift in Sources */,
				79BCB05F2A87A35D003B2893 /* SceneDelegate.swift in Sources */,
				79F163932A88170A002F0A1D /* RouteHandler.swift in Sources */,
				79DB331C2A88D5E700814121 /* SplashScene.swift in Sources */,
				79F163862A880EDE002F0A1D /* AppCoordinator.swift in Sources */,
			);
			runOnlyForDeploymentPostprocessing = 0;
		};
		79BCB06B2A87A35E003B2893 /* Sources */ = {
			isa = PBXSourcesBuildPhase;
			buildActionMask = 2147483647;
			files = (
				79BCB0742A87A35E003B2893 /* WeatherIdeoDigitalTests.swift in Sources */,
			);
			runOnlyForDeploymentPostprocessing = 0;
		};
		79BCB0752A87A35E003B2893 /* Sources */ = {
			isa = PBXSourcesBuildPhase;
			buildActionMask = 2147483647;
			files = (
				79BCB07E2A87A35E003B2893 /* WeatherIdeoDigitalUITests.swift in Sources */,
				79BCB0802A87A35E003B2893 /* WeatherIdeoDigitalUITestsLaunchTests.swift in Sources */,
			);
			runOnlyForDeploymentPostprocessing = 0;
		};
/* End PBXSourcesBuildPhase section */

/* Begin PBXTargetDependency section */
		79BCB0712A87A35E003B2893 /* PBXTargetDependency */ = {
			isa = PBXTargetDependency;
			target = 79BCB0582A87A35D003B2893 /* WeatherIdeoDigital */;
			targetProxy = 79BCB0702A87A35E003B2893 /* PBXContainerItemProxy */;
		};
		79BCB07B2A87A35E003B2893 /* PBXTargetDependency */ = {
			isa = PBXTargetDependency;
			target = 79BCB0582A87A35D003B2893 /* WeatherIdeoDigital */;
			targetProxy = 79BCB07A2A87A35E003B2893 /* PBXContainerItemProxy */;
		};
/* End PBXTargetDependency section */

/* Begin XCBuildConfiguration section */
		79BCB0812A87A35E003B2893 /* Debug */ = {
			isa = XCBuildConfiguration;
			buildSettings = {
				ALWAYS_SEARCH_USER_PATHS = NO;
				CLANG_ANALYZER_NONNULL = YES;
				CLANG_ANALYZER_NUMBER_OBJECT_CONVERSION = YES_AGGRESSIVE;
				CLANG_CXX_LANGUAGE_STANDARD = "gnu++20";
				CLANG_ENABLE_MODULES = YES;
				CLANG_ENABLE_OBJC_ARC = YES;
				CLANG_ENABLE_OBJC_WEAK = YES;
				CLANG_WARN_BLOCK_CAPTURE_AUTORELEASING = YES;
				CLANG_WARN_BOOL_CONVERSION = YES;
				CLANG_WARN_COMMA = YES;
				CLANG_WARN_CONSTANT_CONVERSION = YES;
				CLANG_WARN_DEPRECATED_OBJC_IMPLEMENTATIONS = YES;
				CLANG_WARN_DIRECT_OBJC_ISA_USAGE = YES_ERROR;
				CLANG_WARN_DOCUMENTATION_COMMENTS = YES;
				CLANG_WARN_EMPTY_BODY = YES;
				CLANG_WARN_ENUM_CONVERSION = YES;
				CLANG_WARN_INFINITE_RECURSION = YES;
				CLANG_WARN_INT_CONVERSION = YES;
				CLANG_WARN_NON_LITERAL_NULL_CONVERSION = YES;
				CLANG_WARN_OBJC_IMPLICIT_RETAIN_SELF = YES;
				CLANG_WARN_OBJC_LITERAL_CONVERSION = YES;
				CLANG_WARN_OBJC_ROOT_CLASS = YES_ERROR;
				CLANG_WARN_QUOTED_INCLUDE_IN_FRAMEWORK_HEADER = YES;
				CLANG_WARN_RANGE_LOOP_ANALYSIS = YES;
				CLANG_WARN_STRICT_PROTOTYPES = YES;
				CLANG_WARN_SUSPICIOUS_MOVE = YES;
				CLANG_WARN_UNGUARDED_AVAILABILITY = YES_AGGRESSIVE;
				CLANG_WARN_UNREACHABLE_CODE = YES;
				CLANG_WARN__DUPLICATE_METHOD_MATCH = YES;
				COPY_PHASE_STRIP = NO;
				DEBUG_INFORMATION_FORMAT = dwarf;
				ENABLE_STRICT_OBJC_MSGSEND = YES;
				ENABLE_TESTABILITY = YES;
				GCC_C_LANGUAGE_STANDARD = gnu11;
				GCC_DYNAMIC_NO_PIC = NO;
				GCC_NO_COMMON_BLOCKS = YES;
				GCC_OPTIMIZATION_LEVEL = 0;
				GCC_PREPROCESSOR_DEFINITIONS = (
					"DEBUG=1",
					"$(inherited)",
				);
				GCC_WARN_64_TO_32_BIT_CONVERSION = YES;
				GCC_WARN_ABOUT_RETURN_TYPE = YES_ERROR;
				GCC_WARN_UNDECLARED_SELECTOR = YES;
				GCC_WARN_UNINITIALIZED_AUTOS = YES_AGGRESSIVE;
				GCC_WARN_UNUSED_FUNCTION = YES;
				GCC_WARN_UNUSED_VARIABLE = YES;
				IPHONEOS_DEPLOYMENT_TARGET = 16.4;
				MTL_ENABLE_DEBUG_INFO = INCLUDE_SOURCE;
				MTL_FAST_MATH = YES;
				ONLY_ACTIVE_ARCH = YES;
				SDKROOT = iphoneos;
				SWIFT_ACTIVE_COMPILATION_CONDITIONS = DEBUG;
				SWIFT_OPTIMIZATION_LEVEL = "-Onone";
			};
			name = Debug;
		};
		79BCB0822A87A35E003B2893 /* Release */ = {
			isa = XCBuildConfiguration;
			buildSettings = {
				ALWAYS_SEARCH_USER_PATHS = NO;
				CLANG_ANALYZER_NONNULL = YES;
				CLANG_ANALYZER_NUMBER_OBJECT_CONVERSION = YES_AGGRESSIVE;
				CLANG_CXX_LANGUAGE_STANDARD = "gnu++20";
				CLANG_ENABLE_MODULES = YES;
				CLANG_ENABLE_OBJC_ARC = YES;
				CLANG_ENABLE_OBJC_WEAK = YES;
				CLANG_WARN_BLOCK_CAPTURE_AUTORELEASING = YES;
				CLANG_WARN_BOOL_CONVERSION = YES;
				CLANG_WARN_COMMA = YES;
				CLANG_WARN_CONSTANT_CONVERSION = YES;
				CLANG_WARN_DEPRECATED_OBJC_IMPLEMENTATIONS = YES;
				CLANG_WARN_DIRECT_OBJC_ISA_USAGE = YES_ERROR;
				CLANG_WARN_DOCUMENTATION_COMMENTS = YES;
				CLANG_WARN_EMPTY_BODY = YES;
				CLANG_WARN_ENUM_CONVERSION = YES;
				CLANG_WARN_INFINITE_RECURSION = YES;
				CLANG_WARN_INT_CONVERSION = YES;
				CLANG_WARN_NON_LITERAL_NULL_CONVERSION = YES;
				CLANG_WARN_OBJC_IMPLICIT_RETAIN_SELF = YES;
				CLANG_WARN_OBJC_LITERAL_CONVERSION = YES;
				CLANG_WARN_OBJC_ROOT_CLASS = YES_ERROR;
				CLANG_WARN_QUOTED_INCLUDE_IN_FRAMEWORK_HEADER = YES;
				CLANG_WARN_RANGE_LOOP_ANALYSIS = YES;
				CLANG_WARN_STRICT_PROTOTYPES = YES;
				CLANG_WARN_SUSPICIOUS_MOVE = YES;
				CLANG_WARN_UNGUARDED_AVAILABILITY = YES_AGGRESSIVE;
				CLANG_WARN_UNREACHABLE_CODE = YES;
				CLANG_WARN__DUPLICATE_METHOD_MATCH = YES;
				COPY_PHASE_STRIP = NO;
				DEBUG_INFORMATION_FORMAT = "dwarf-with-dsym";
				ENABLE_NS_ASSERTIONS = NO;
				ENABLE_STRICT_OBJC_MSGSEND = YES;
				GCC_C_LANGUAGE_STANDARD = gnu11;
				GCC_NO_COMMON_BLOCKS = YES;
				GCC_WARN_64_TO_32_BIT_CONVERSION = YES;
				GCC_WARN_ABOUT_RETURN_TYPE = YES_ERROR;
				GCC_WARN_UNDECLARED_SELECTOR = YES;
				GCC_WARN_UNINITIALIZED_AUTOS = YES_AGGRESSIVE;
				GCC_WARN_UNUSED_FUNCTION = YES;
				GCC_WARN_UNUSED_VARIABLE = YES;
				IPHONEOS_DEPLOYMENT_TARGET = 16.4;
				MTL_ENABLE_DEBUG_INFO = NO;
				MTL_FAST_MATH = YES;
				SDKROOT = iphoneos;
				SWIFT_COMPILATION_MODE = wholemodule;
				SWIFT_OPTIMIZATION_LEVEL = "-O";
				VALIDATE_PRODUCT = YES;
			};
			name = Release;
		};
		79BCB0842A87A35E003B2893 /* Debug */ = {
			isa = XCBuildConfiguration;
			buildSettings = {
				ASSETCATALOG_COMPILER_APPICON_NAME = AppIcon;
				ASSETCATALOG_COMPILER_GLOBAL_ACCENT_COLOR_NAME = AccentColor;
				CODE_SIGN_STYLE = Automatic;
				CURRENT_PROJECT_VERSION = 1;
				DEVELOPMENT_TEAM = 6SR4JWJD54;
				GENERATE_INFOPLIST_FILE = YES;
				INFOPLIST_FILE = WeatherIdeoDigital/Info.plist;
				INFOPLIST_KEY_UIApplicationSupportsIndirectInputEvents = YES;
				INFOPLIST_KEY_UIMainStoryboardFile = Main;
				INFOPLIST_KEY_UISupportedInterfaceOrientations_iPad = "UIInterfaceOrientationPortrait UIInterfaceOrientationPortraitUpsideDown UIInterfaceOrientationLandscapeLeft UIInterfaceOrientationLandscapeRight";
				INFOPLIST_KEY_UISupportedInterfaceOrientations_iPhone = "UIInterfaceOrientationPortrait UIInterfaceOrientationLandscapeLeft UIInterfaceOrientationLandscapeRight";
				LD_RUNPATH_SEARCH_PATHS = (
					"$(inherited)",
					"@executable_path/Frameworks",
				);
				MARKETING_VERSION = 1.0;
				PRODUCT_BUNDLE_IDENTIFIER = com.tornike.talkify.WeatherIdeoDigital;
				PRODUCT_NAME = "$(TARGET_NAME)";
				SWIFT_EMIT_LOC_STRINGS = YES;
				SWIFT_VERSION = 5.0;
				TARGETED_DEVICE_FAMILY = "1,2";
			};
			name = Debug;
		};
		79BCB0852A87A35E003B2893 /* Release */ = {
			isa = XCBuildConfiguration;
			buildSettings = {
				ASSETCATALOG_COMPILER_APPICON_NAME = AppIcon;
				ASSETCATALOG_COMPILER_GLOBAL_ACCENT_COLOR_NAME = AccentColor;
				CODE_SIGN_STYLE = Automatic;
				CURRENT_PROJECT_VERSION = 1;
				DEVELOPMENT_TEAM = 6SR4JWJD54;
				GENERATE_INFOPLIST_FILE = YES;
				INFOPLIST_FILE = WeatherIdeoDigital/Info.plist;
				INFOPLIST_KEY_UIApplicationSupportsIndirectInputEvents = YES;
				INFOPLIST_KEY_UIMainStoryboardFile = Main;
				INFOPLIST_KEY_UISupportedInterfaceOrientations_iPad = "UIInterfaceOrientationPortrait UIInterfaceOrientationPortraitUpsideDown UIInterfaceOrientationLandscapeLeft UIInterfaceOrientationLandscapeRight";
				INFOPLIST_KEY_UISupportedInterfaceOrientations_iPhone = "UIInterfaceOrientationPortrait UIInterfaceOrientationLandscapeLeft UIInterfaceOrientationLandscapeRight";
				LD_RUNPATH_SEARCH_PATHS = (
					"$(inherited)",
					"@executable_path/Frameworks",
				);
				MARKETING_VERSION = 1.0;
				PRODUCT_BUNDLE_IDENTIFIER = com.tornike.talkify.WeatherIdeoDigital;
				PRODUCT_NAME = "$(TARGET_NAME)";
				SWIFT_EMIT_LOC_STRINGS = YES;
				SWIFT_VERSION = 5.0;
				TARGETED_DEVICE_FAMILY = "1,2";
			};
			name = Release;
		};
		79BCB0872A87A35E003B2893 /* Debug */ = {
			isa = XCBuildConfiguration;
			buildSettings = {
				ALWAYS_EMBED_SWIFT_STANDARD_LIBRARIES = YES;
				BUNDLE_LOADER = "$(TEST_HOST)";
				CODE_SIGN_STYLE = Automatic;
				CURRENT_PROJECT_VERSION = 1;
				DEVELOPMENT_TEAM = 6SR4JWJD54;
				GENERATE_INFOPLIST_FILE = YES;
				IPHONEOS_DEPLOYMENT_TARGET = 16.4;
				MARKETING_VERSION = 1.0;
				PRODUCT_BUNDLE_IDENTIFIER = com.tornike.talkify.WeatherIdeoDigitalTests;
				PRODUCT_NAME = "$(TARGET_NAME)";
				SWIFT_EMIT_LOC_STRINGS = NO;
				SWIFT_VERSION = 5.0;
				TARGETED_DEVICE_FAMILY = "1,2";
				TEST_HOST = "$(BUILT_PRODUCTS_DIR)/WeatherIdeoDigital.app/$(BUNDLE_EXECUTABLE_FOLDER_PATH)/WeatherIdeoDigital";
			};
			name = Debug;
		};
		79BCB0882A87A35E003B2893 /* Release */ = {
			isa = XCBuildConfiguration;
			buildSettings = {
				ALWAYS_EMBED_SWIFT_STANDARD_LIBRARIES = YES;
				BUNDLE_LOADER = "$(TEST_HOST)";
				CODE_SIGN_STYLE = Automatic;
				CURRENT_PROJECT_VERSION = 1;
				DEVELOPMENT_TEAM = 6SR4JWJD54;
				GENERATE_INFOPLIST_FILE = YES;
				IPHONEOS_DEPLOYMENT_TARGET = 16.4;
				MARKETING_VERSION = 1.0;
				PRODUCT_BUNDLE_IDENTIFIER = com.tornike.talkify.WeatherIdeoDigitalTests;
				PRODUCT_NAME = "$(TARGET_NAME)";
				SWIFT_EMIT_LOC_STRINGS = NO;
				SWIFT_VERSION = 5.0;
				TARGETED_DEVICE_FAMILY = "1,2";
				TEST_HOST = "$(BUILT_PRODUCTS_DIR)/WeatherIdeoDigital.app/$(BUNDLE_EXECUTABLE_FOLDER_PATH)/WeatherIdeoDigital";
			};
			name = Release;
		};
		79BCB08A2A87A35E003B2893 /* Debug */ = {
			isa = XCBuildConfiguration;
			buildSettings = {
				ALWAYS_EMBED_SWIFT_STANDARD_LIBRARIES = YES;
				CODE_SIGN_STYLE = Automatic;
				CURRENT_PROJECT_VERSION = 1;
				DEVELOPMENT_TEAM = 6SR4JWJD54;
				GENERATE_INFOPLIST_FILE = YES;
				MARKETING_VERSION = 1.0;
				PRODUCT_BUNDLE_IDENTIFIER = com.tornike.talkify.WeatherIdeoDigitalUITests;
				PRODUCT_NAME = "$(TARGET_NAME)";
				SWIFT_EMIT_LOC_STRINGS = NO;
				SWIFT_VERSION = 5.0;
				TARGETED_DEVICE_FAMILY = "1,2";
				TEST_TARGET_NAME = WeatherIdeoDigital;
			};
			name = Debug;
		};
		79BCB08B2A87A35E003B2893 /* Release */ = {
			isa = XCBuildConfiguration;
			buildSettings = {
				ALWAYS_EMBED_SWIFT_STANDARD_LIBRARIES = YES;
				CODE_SIGN_STYLE = Automatic;
				CURRENT_PROJECT_VERSION = 1;
				DEVELOPMENT_TEAM = 6SR4JWJD54;
				GENERATE_INFOPLIST_FILE = YES;
				MARKETING_VERSION = 1.0;
				PRODUCT_BUNDLE_IDENTIFIER = com.tornike.talkify.WeatherIdeoDigitalUITests;
				PRODUCT_NAME = "$(TARGET_NAME)";
				SWIFT_EMIT_LOC_STRINGS = NO;
				SWIFT_VERSION = 5.0;
				TARGETED_DEVICE_FAMILY = "1,2";
				TEST_TARGET_NAME = WeatherIdeoDigital;
			};
			name = Release;
		};
/* End XCBuildConfiguration section */

/* Begin XCConfigurationList section */
		79BCB0542A87A35D003B2893 /* Build configuration list for PBXProject "WeatherIdeoDigital" */ = {
			isa = XCConfigurationList;
			buildConfigurations = (
				79BCB0812A87A35E003B2893 /* Debug */,
				79BCB0822A87A35E003B2893 /* Release */,
			);
			defaultConfigurationIsVisible = 0;
			defaultConfigurationName = Release;
		};
		79BCB0832A87A35E003B2893 /* Build configuration list for PBXNativeTarget "WeatherIdeoDigital" */ = {
			isa = XCConfigurationList;
			buildConfigurations = (
				79BCB0842A87A35E003B2893 /* Debug */,
				79BCB0852A87A35E003B2893 /* Release */,
			);
			defaultConfigurationIsVisible = 0;
			defaultConfigurationName = Release;
		};
		79BCB0862A87A35E003B2893 /* Build configuration list for PBXNativeTarget "WeatherIdeoDigitalTests" */ = {
			isa = XCConfigurationList;
			buildConfigurations = (
				79BCB0872A87A35E003B2893 /* Debug */,
				79BCB0882A87A35E003B2893 /* Release */,
			);
			defaultConfigurationIsVisible = 0;
			defaultConfigurationName = Release;
		};
		79BCB0892A87A35E003B2893 /* Build configuration list for PBXNativeTarget "WeatherIdeoDigitalUITests" */ = {
			isa = XCConfigurationList;
			buildConfigurations = (
				79BCB08A2A87A35E003B2893 /* Debug */,
				79BCB08B2A87A35E003B2893 /* Release */,
			);
			defaultConfigurationIsVisible = 0;
			defaultConfigurationName = Release;
		};
/* End XCConfigurationList section */

/* Begin XCRemoteSwiftPackageReference section */
		79DB33162A88D34700814121 /* XCRemoteSwiftPackageReference "lottie-ios" */ = {
			isa = XCRemoteSwiftPackageReference;
			repositoryURL = "https://github.com/airbnb/lottie-ios.git";
			requirement = {
				kind = upToNextMajorVersion;
				minimumVersion = 4.0.0;
			};
		};
		79DB33332A88E28700814121 /* XCRemoteSwiftPackageReference "PermissionsKit" */ = {
			isa = XCRemoteSwiftPackageReference;
			repositoryURL = "https://github.com/sparrowcode/PermissionsKit.git";
			requirement = {
				kind = upToNextMajorVersion;
				minimumVersion = 9.0.0;
			};
		};
		79DB33462A88E7A800814121 /* XCRemoteSwiftPackageReference "BetterSegmentedControl" */ = {
			isa = XCRemoteSwiftPackageReference;
			repositoryURL = "https://github.com/gmarm/BetterSegmentedControl.git";
			requirement = {
				kind = upToNextMajorVersion;
				minimumVersion = 2.0.0;
			};
		};
		79F163702A87F6B7002F0A1D /* XCRemoteSwiftPackageReference "SnapKit" */ = {
			isa = XCRemoteSwiftPackageReference;
			repositoryURL = "https://github.com/SnapKit/SnapKit.git";
			requirement = {
				kind = upToNextMajorVersion;
				minimumVersion = 5.0.0;
			};
		};
		79F163772A87F862002F0A1D /* XCRemoteSwiftPackageReference "XCoordinator" */ = {
			isa = XCRemoteSwiftPackageReference;
			repositoryURL = "https://github.com/QuickBirdEng/XCoordinator";
			requirement = {
				kind = upToNextMajorVersion;
				minimumVersion = 2.0.0;
			};
		};
/* End XCRemoteSwiftPackageReference section */

/* Begin XCSwiftPackageProductDependency section */
		7945FFB32A87E52D002D87A0 /* Core */ = {
			isa = XCSwiftPackageProductDependency;
			productName = Core;
		};
		7945FFB52A87E531002D87A0 /* Networking */ = {
			isa = XCSwiftPackageProductDependency;
			productName = Networking;
		};
		7945FFBA2A87E9C7002D87A0 /* BusinessDomain */ = {
			isa = XCSwiftPackageProductDependency;
			productName = BusinessDomain;
		};
		79DB33172A88D34700814121 /* Lottie */ = {
			isa = XCSwiftPackageProductDependency;
			package = 79DB33162A88D34700814121 /* XCRemoteSwiftPackageReference "lottie-ios" */;
			productName = Lottie;
		};
		79DB33342A88E28700814121 /* LocationAlwaysPermission */ = {
			isa = XCSwiftPackageProductDependency;
			package = 79DB33332A88E28700814121 /* XCRemoteSwiftPackageReference "PermissionsKit" */;
			productName = LocationAlwaysPermission;
		};
		79DB33362A88E28700814121 /* LocationWhenInUsePermission */ = {
			isa = XCSwiftPackageProductDependency;
			package = 79DB33332A88E28700814121 /* XCRemoteSwiftPackageReference "PermissionsKit" */;
			productName = LocationWhenInUsePermission;
		};
		79DB33472A88E7A800814121 /* BetterSegmentedControl */ = {
			isa = XCSwiftPackageProductDependency;
			package = 79DB33462A88E7A800814121 /* XCRemoteSwiftPackageReference "BetterSegmentedControl" */;
			productName = BetterSegmentedControl;
		};
		79F163712A87F6B7002F0A1D /* SnapKit */ = {
			isa = XCSwiftPackageProductDependency;
			package = 79F163702A87F6B7002F0A1D /* XCRemoteSwiftPackageReference "SnapKit" */;
			productName = SnapKit;
		};
		79F163782A87F862002F0A1D /* XCoordinator */ = {
			isa = XCSwiftPackageProductDependency;
			package = 79F163772A87F862002F0A1D /* XCRemoteSwiftPackageReference "XCoordinator" */;
			productName = XCoordinator;
		};
		79F1637A2A87F862002F0A1D /* XCoordinatorCombine */ = {
			isa = XCSwiftPackageProductDependency;
			package = 79F163772A87F862002F0A1D /* XCRemoteSwiftPackageReference "XCoordinator" */;
			productName = XCoordinatorCombine;
		};
		79F1637C2A87F862002F0A1D /* XCoordinatorRx */ = {
			isa = XCSwiftPackageProductDependency;
			package = 79F163772A87F862002F0A1D /* XCRemoteSwiftPackageReference "XCoordinator" */;
			productName = XCoordinatorRx;
		};
		79F163832A880DFB002F0A1D /* WeatherUI */ = {
			isa = XCSwiftPackageProductDependency;
			productName = WeatherUI;
		};
/* End XCSwiftPackageProductDependency section */
	};
	rootObject = 79BCB0512A87A35D003B2893 /* Project object */;
}
